
Microsoft Visual Studio Solution File, Format Version 12.00
# Visual Studio Version 16
VisualStudioVersion = 16.0.30717.126
MinimumVisualStudioVersion = 10.0.40219.1
Project("{FAE04EC0-301F-11D3-BF4B-00C04F79EFBC}") = "GetTypeDemo", "GetTypeDemo\GetTypeDemo.csproj", "{0755D7B9-316C-4E0C-9BE0-C5F3B29DF648}"
EndProject
Global
	GlobalSection(SolutionConfigurationPlatforms) = preSolution
		Debug|Any CPU = Debug|Any CPU
		Release|Any CPU = Release|Any CPU
	EndGlobalSection
	GlobalSection(ProjectConfigurationPlatforms) = postSolution
		{0755D7B9-316C-4E0C-9BE0-C5F3B29DF648}.Debug|Any CPU.ActiveCfg = Debug|Any CPU
		{0755D7B9-316C-4E0C-9BE0-C5F3B29DF648}.Debug|Any CPU.Build.0 = Debug|Any CPU
		{0755D7B9-316C-4E0C-9BE0-C5F3B29DF648}.Release|Any CPU.ActiveCfg = Release|Any CPU
		{0755D7B9-316C-4E0C-9BE0-C5F3B29DF648}.Release|Any CPU.Build.0 = Release|Any CPU
	EndGlobalSection
	GlobalSection(SolutionProperties) = preSolution
		HideSolutionNode = FALSE
	EndGlobalSection
	GlobalSection(ExtensibilityGlobals) = postSolution
		SolutionGuid = {408BA3C0-A379-434E-BB47-B239B59205BF}
	EndGlobalSection
EndGlobal
